<?xml version="1.0" encoding="utf-8"?>
<Project ToolsVersion="4.0" xmlns="http://schemas.microsoft.com/developer/msbuild/2003">
  <ItemGroup>
    <Filter Include="Исходные файлы">
      <UniqueIdentifier>{4FC737F1-C7A5-4376-A066-2A32D752A2FF}</UniqueIdentifier>
      <Extensions>cpp;c;cc;cxx;c++;cppm;ixx;def;odl;idl;hpj;bat;asm;asmx</Extensions>
    </Filter>
    <Filter Include="Файлы заголовков">
      <UniqueIdentifier>{93995380-89BD-4b04-88EB-625FBE52EBFB}</UniqueIdentifier>
      <Extensions>h;hh;hpp;hxx;h++;hm;inl;inc;ipp;xsd</Extensions>
    </Filter>
    <Filter Include="Файлы ресурсов">
      <UniqueIdentifier>{67DA6AB6-F800-4c08-8B7A-83BB121AAD01}</UniqueIdentifier>
      <Extensions>rc;ico;cur;bmp;dlg;rc2;rct;bin;rgs;gif;jpg;jpeg;jpe;resx;tiff;tif;png;wav;mfcribbon-ms</Extensions>
    </Filter>
    <Filter Include="Base">
      <UniqueIdentifier>{d70f4956-02d5-4584-8f31-a720000307e3}</UniqueIdentifier>
    </Filter>
    <Filter Include="Base\src">
      <UniqueIdentifier>{fb78c1d0-d040-40b8-8e33-cb334b5f78e9}</UniqueIdentifier>
    </Filter>
    <Filter Include="Base\include">
      <UniqueIdentifier>{b96e2e1f-6711-4ecd-b7f6-dfaa73afa391}</UniqueIdentifier>
    </Filter>
    <Filter Include="Base\include\Components">
      <UniqueIdentifier>{8b4e2a92-2bb3-4da7-b17e-75cca3ecaf08}</UniqueIdentifier>
    </Filter>
  </ItemGroup>
  <ItemGroup>
    <ClCompile Include="main.cpp">
      <Filter>Исходные файлы</Filter>
    </ClCompile>
    <ClCompile Include="Game.cpp">
      <Filter>Base\src</Filter>
    </ClCompile>
    <ClCompile Include="GameObject.cpp">
      <Filter>Base\src</Filter>
    </ClCompile>
    <ClCompile Include="PhysicsComp.cpp">
      <Filter>Base\src</Filter>
    </ClCompile>
    <ClCompile Include="Collider.cpp">
      <Filter>Base\src</Filter>
    </ClCompile>
  </ItemGroup>
  <ItemGroup>
    <ClInclude Include="VectorMath.h">
      <Filter>Base\include</Filter>
    </ClInclude>
    <ClInclude Include="GameObject.h">
      <Filter>Base\include</Filter>
    </ClInclude>
    <ClInclude Include="Game.h">
      <Filter>Base\include</Filter>
    </ClInclude>
    <ClInclude Include="Delegate.h">
      <Filter>Base\include</Filter>
    </ClInclude>
    <ClInclude Include="Component.h">
      <Filter>Base\include\Components</Filter>
    </ClInclude>
    <ClInclude Include="PhysicsComp.h">
      <Filter>Base\include\Components</Filter>
    </ClInclude>
    <ClInclude Include="Collider.h">
      <Filter>Base\include</Filter>
    </ClInclude>
  </ItemGroup>
</Project>